
Microsoft Visual Studio Solution File, Format Version 11.00
# Visual Studio 2010
Project("{FAE04EC0-301F-11D3-BF4B-00C04F79EFBC}") = "FAQ", "FAQ\FAQ.csproj", "{973D4EB8-BC4A-49A7-AABF-709F0A0900C2}"
EndProject
Project("{FAE04EC0-301F-11D3-BF4B-00C04F79EFBC}") = "FAQ.Tests", "FAQ.Tests\FAQ.Tests.csproj", "{47B18544-C2F9-40AE-9AAA-E82BD0C74C61}"
EndProject
Global
	GlobalSection(SolutionConfigurationPlatforms) = preSolution
		Debug|Any CPU = Debug|Any CPU
		Release|Any CPU = Release|Any CPU
	EndGlobalSection
	GlobalSection(ProjectConfigurationPlatforms) = postSolution
		{973D4EB8-BC4A-49A7-AABF-709F0A0900C2}.Debug|Any CPU.ActiveCfg = Debug|Any CPU
		{973D4EB8-BC4A-49A7-AABF-709F0A0900C2}.Debug|Any CPU.Build.0 = Debug|Any CPU
		{973D4EB8-BC4A-49A7-AABF-709F0A0900C2}.Release|Any CPU.ActiveCfg = Release|Any CPU
		{973D4EB8-BC4A-49A7-AABF-709F0A0900C2}.Release|Any CPU.Build.0 = Release|Any CPU
		{47B18544-C2F9-40AE-9AAA-E82BD0C74C61}.Debug|Any CPU.ActiveCfg = Debug|Any CPU
		{47B18544-C2F9-40AE-9AAA-E82BD0C74C61}.Debug|Any CPU.Build.0 = Debug|Any CPU
		{47B18544-C2F9-40AE-9AAA-E82BD0C74C61}.Release|Any CPU.ActiveCfg = Release|Any CPU
		{47B18544-C2F9-40AE-9AAA-E82BD0C74C61}.Release|Any CPU.Build.0 = Release|Any CPU
	EndGlobalSection
	GlobalSection(SolutionProperties) = preSolution
		HideSolutionNode = FALSE
	EndGlobalSection
EndGlobal
